
Microsoft Visual Studio Solution File, Format Version 12.00
# Visual Studio Version 17
VisualStudioVersion = 17.5.33530.505
MinimumVisualStudioVersion = 10.0.40219.1
Project("{FAE04EC0-301F-11D3-BF4B-00C04F79EFBC}") = "TestyLink", "TestyLink.csproj", "{8F997D97-755E-47A4-AD0B-3D93719DF0D0}"
EndProject
Global
	GlobalSection(SolutionConfigurationPlatforms) = preSolution
		Debug|Any CPU = Debug|Any CPU
		Release|Any CPU = Release|Any CPU
	EndGlobalSection
	GlobalSection(ProjectConfigurationPlatforms) = postSolution
		{8F997D97-755E-47A4-AD0B-3D93719DF0D0}.Debug|Any CPU.ActiveCfg = Debug|Any CPU
		{8F997D97-755E-47A4-AD0B-3D93719DF0D0}.Debug|Any CPU.Build.0 = Debug|Any CPU
		{8F997D97-755E-47A4-AD0B-3D93719DF0D0}.Release|Any CPU.ActiveCfg = Release|Any CPU
		{8F997D97-755E-47A4-AD0B-3D93719DF0D0}.Release|Any CPU.Build.0 = Release|Any CPU
	EndGlobalSection
	GlobalSection(SolutionProperties) = preSolution
		HideSolutionNode = FALSE
	EndGlobalSection
	GlobalSection(ExtensibilityGlobals) = postSolution
		SolutionGuid = {10ED78DF-8B49-463F-8A42-286F8829AF18}
	EndGlobalSection
EndGlobal
